Microsoft Visual Studio Solution File, Format Version 11.00
# Visual Studio 2008

Project("{0F65DC8B-803F-3ACF-A98B-917BA44E80BB}") = "IVE", "Assembly-CSharp.csproj", "{9FF6F260-0DC6-3017-D842-BBD396AFFB2E}"
EndProject
Project("{0F65DC8B-803F-3ACF-A98B-917BA44E80BB}") = "IVE", "Assembly-CSharp-Editor.csproj", "{121C9BFB-CAE3-3062-2E7C-B87B474A4A58}"
EndProject
Global
	GlobalSection(SolutionConfigurationPlatforms) = preSolution
		Debug|Any CPU = Debug|Any CPU
		Release|Any CPU = Release|Any CPU
	EndGlobalSection
	GlobalSection(ProjectConfigurationPlatforms) = postSolution
		{9FF6F260-0DC6-3017-D842-BBD396AFFB2E}.Debug|Any CPU.ActiveCfg = Debug|Any CPU
		{9FF6F260-0DC6-3017-D842-BBD396AFFB2E}.Debug|Any CPU.Build.0 = Debug|Any CPU
		{9FF6F260-0DC6-3017-D842-BBD396AFFB2E}.Release|Any CPU.ActiveCfg = Release|Any CPU
		{9FF6F260-0DC6-3017-D842-BBD396AFFB2E}.Release|Any CPU.Build.0 = Release|Any CPU
		{121C9BFB-CAE3-3062-2E7C-B87B474A4A58}.Debug|Any CPU.ActiveCfg = Debug|Any CPU
		{121C9BFB-CAE3-3062-2E7C-B87B474A4A58}.Debug|Any CPU.Build.0 = Debug|Any CPU
		{121C9BFB-CAE3-3062-2E7C-B87B474A4A58}.Release|Any CPU.ActiveCfg = Release|Any CPU
		{121C9BFB-CAE3-3062-2E7C-B87B474A4A58}.Release|Any CPU.Build.0 = Release|Any CPU
	EndGlobalSection
	GlobalSection(SolutionProperties) = preSolution
		HideSolutionNode = FALSE
	EndGlobalSection
	GlobalSection(MonoDevelopProperties) = preSolution
		StartupItem = Assembly-CSharp.csproj
	EndGlobalSection
EndGlobal
